{
  "version": 4,
  "terraform_version": "1.1.2",
  "serial": 54,
  "lineage": "bf86b841-52f3-af60-e0c1-147461874484",
  "outputs": {},
  "resources": [
    {
      "mode": "managed",
      "type": "kubernetes_pod",
      "name": "createpod",
      "provider": "provider[\"registry.terraform.io/hashicorp/kubernetes\"]",
      "instances": [
        {
          "index_key": "api",
          "schema_version": 1,
          "attributes": {
            "id": "default/api",
            "metadata": [
              {
                "annotations": null,
                "generate_name": "",
                "generation": 0,
                "labels": {
                  "app": "api"
                },
                "name": "api",
                "namespace": "default",
                "resource_version": "240819",
                "uid": "c93d7130-5578-41c5-9fdb-7f6b6b752508"
              }
            ],
            "spec": [
              {
                "active_deadline_seconds": 0,
                "affinity": [],
                "automount_service_account_token": true,
                "container": [
                  {
                    "args": null,
                    "command": null,
                    "env": [
                      {
                        "name": "SQL_URI",
                        "value": "postgresql://ankur:ankur123@eqworks-db/work_samples",
                        "value_from": []
                      }
                    ],
                    "env_from": [],
                    "image": "ankur512512/eqworks-api",
                    "image_pull_policy": "Always",
                    "lifecycle": [],
                    "liveness_probe": [],
                    "name": "api",
                    "port": [],
                    "readiness_probe": [],
                    "resources": [
                      {
                        "limits": null,
                        "requests": null
                      }
                    ],
                    "security_context": [],
                    "startup_probe": [],
                    "stdin": false,
                    "stdin_once": false,
                    "termination_message_path": "/dev/termination-log",
                    "termination_message_policy": "File",
                    "tty": false,
                    "volume_mount": [
                      {
                        "mount_path": "/var/run/secrets/kubernetes.io/serviceaccount",
                        "mount_propagation": "",
                        "name": "kube-api-access-dzmf7",
                        "read_only": true,
                        "sub_path": ""
                      }
                    ],
                    "working_dir": ""
                  }
                ],
                "dns_config": [],
                "dns_policy": "ClusterFirst",
                "enable_service_links": true,
                "host_aliases": [],
                "host_ipc": false,
                "host_network": false,
                "host_pid": false,
                "hostname": "",
                "image_pull_secrets": [],
                "init_container": [],
                "node_name": "agvimptest204.touchcommerce.com",
                "node_selector": null,
                "priority_class_name": "",
                "readiness_gate": [],
                "restart_policy": "Always",
                "security_context": [],
                "service_account_name": "default",
                "share_process_namespace": false,
                "subdomain": "",
                "termination_grace_period_seconds": 30,
                "toleration": [],
                "topology_spread_constraint": [],
                "volume": [
                  {
                    "aws_elastic_block_store": [],
                    "azure_disk": [],
                    "azure_file": [],
                    "ceph_fs": [],
                    "cinder": [],
                    "config_map": [],
                    "csi": [],
                    "downward_api": [],
                    "empty_dir": [],
                    "fc": [],
                    "flex_volume": [],
                    "flocker": [],
                    "gce_persistent_disk": [],
                    "git_repo": [],
                    "glusterfs": [],
                    "host_path": [],
                    "iscsi": [],
                    "local": [],
                    "name": "kube-api-access-dzmf7",
                    "nfs": [],
                    "persistent_volume_claim": [],
                    "photon_persistent_disk": [],
                    "projected": [
                      {
                        "default_mode": "0644",
                        "sources": [
                          {
                            "config_map": [],
                            "downward_api": [],
                            "secret": [],
                            "service_account_token": [
                              {
                                "audience": "",
                                "expiration_seconds": 3607,
                                "path": "token"
                              }
                            ]
                          },
                          {
                            "config_map": [
                              {
                                "items": [
                                  {
                                    "key": "ca.crt",
                                    "mode": "",
                                    "path": "ca.crt"
                                  }
                                ],
                                "name": "kube-root-ca.crt",
                                "optional": false
                              }
                            ],
                            "downward_api": [],
                            "secret": [],
                            "service_account_token": []
                          },
                          {
                            "config_map": [],
                            "downward_api": [
                              {
                                "items": [
                                  {
                                    "field_ref": [
                                      {
                                        "api_version": "v1",
                                        "field_path": "metadata.namespace"
                                      }
                                    ],
                                    "mode": "",
                                    "path": "namespace",
                                    "resource_field_ref": []
                                  }
                                ]
                              }
                            ],
                            "secret": [],
                            "service_account_token": []
                          }
                        ]
                      }
                    ],
                    "quobyte": [],
                    "rbd": [],
                    "secret": [],
                    "vsphere_volume": []
                  }
                ]
              }
            ],
            "timeouts": null
          },
          "sensitive_attributes": [],
          "private": "eyJlMmJmYjczMC1lY2FhLTExZTYtOGY4OC0zNDM2M2JjN2M0YzAiOnsiY3JlYXRlIjozMDAwMDAwMDAwMDAsImRlbGV0ZSI6MzAwMDAwMDAwMDAwfSwic2NoZW1hX3ZlcnNpb24iOiIxIn0="
        },
        {
          "index_key": "db",
          "schema_version": 1,
          "attributes": {
            "id": "default/db",
            "metadata": [
              {
                "annotations": null,
                "generate_name": "",
                "generation": 0,
                "labels": {
                  "app": "db"
                },
                "name": "db",
                "namespace": "default",
                "resource_version": "240814",
                "uid": "12ede7a5-cb9b-44d9-8ca3-02193f1c5e91"
              }
            ],
            "spec": [
              {
                "active_deadline_seconds": 0,
                "affinity": [],
                "automount_service_account_token": true,
                "container": [
                  {
                    "args": null,
                    "command": null,
                    "env": [
                      {
                        "name": "POSTGRES_USER",
                        "value": "ankur",
                        "value_from": []
                      },
                      {
                        "name": "POSTGRES_PASSWORD",
                        "value": "ankur123",
                        "value_from": []
                      }
                    ],
                    "env_from": [],
                    "image": "ankur512512/eqworks-db",
                    "image_pull_policy": "Always",
                    "lifecycle": [],
                    "liveness_probe": [],
                    "name": "db",
                    "port": [],
                    "readiness_probe": [],
                    "resources": [
                      {
                        "limits": null,
                        "requests": null
                      }
                    ],
                    "security_context": [],
                    "startup_probe": [],
                    "stdin": false,
                    "stdin_once": false,
                    "termination_message_path": "/dev/termination-log",
                    "termination_message_policy": "File",
                    "tty": false,
                    "volume_mount": [
                      {
                        "mount_path": "/var/run/secrets/kubernetes.io/serviceaccount",
                        "mount_propagation": "",
                        "name": "kube-api-access-pztbd",
                        "read_only": true,
                        "sub_path": ""
                      }
                    ],
                    "working_dir": ""
                  }
                ],
                "dns_config": [],
                "dns_policy": "ClusterFirst",
                "enable_service_links": true,
                "host_aliases": [],
                "host_ipc": false,
                "host_network": false,
                "host_pid": false,
                "hostname": "",
                "image_pull_secrets": [],
                "init_container": [],
                "node_name": "agvimptest204.touchcommerce.com",
                "node_selector": null,
                "priority_class_name": "",
                "readiness_gate": [],
                "restart_policy": "Always",
                "security_context": [],
                "service_account_name": "default",
                "share_process_namespace": false,
                "subdomain": "",
                "termination_grace_period_seconds": 30,
                "toleration": [],
                "topology_spread_constraint": [],
                "volume": [
                  {
                    "aws_elastic_block_store": [],
                    "azure_disk": [],
                    "azure_file": [],
                    "ceph_fs": [],
                    "cinder": [],
                    "config_map": [],
                    "csi": [],
                    "downward_api": [],
                    "empty_dir": [],
                    "fc": [],
                    "flex_volume": [],
                    "flocker": [],
                    "gce_persistent_disk": [],
                    "git_repo": [],
                    "glusterfs": [],
                    "host_path": [],
                    "iscsi": [],
                    "local": [],
                    "name": "kube-api-access-pztbd",
                    "nfs": [],
                    "persistent_volume_claim": [],
                    "photon_persistent_disk": [],
                    "projected": [
                      {
                        "default_mode": "0644",
                        "sources": [
                          {
                            "config_map": [],
                            "downward_api": [],
                            "secret": [],
                            "service_account_token": [
                              {
                                "audience": "",
                                "expiration_seconds": 3607,
                                "path": "token"
                              }
                            ]
                          },
                          {
                            "config_map": [
                              {
                                "items": [
                                  {
                                    "key": "ca.crt",
                                    "mode": "",
                                    "path": "ca.crt"
                                  }
                                ],
                                "name": "kube-root-ca.crt",
                                "optional": false
                              }
                            ],
                            "downward_api": [],
                            "secret": [],
                            "service_account_token": []
                          },
                          {
                            "config_map": [],
                            "downward_api": [
                              {
                                "items": [
                                  {
                                    "field_ref": [
                                      {
                                        "api_version": "v1",
                                        "field_path": "metadata.namespace"
                                      }
                                    ],
                                    "mode": "",
                                    "path": "namespace",
                                    "resource_field_ref": []
                                  }
                                ]
                              }
                            ],
                            "secret": [],
                            "service_account_token": []
                          }
                        ]
                      }
                    ],
                    "quobyte": [],
                    "rbd": [],
                    "secret": [],
                    "vsphere_volume": []
                  }
                ]
              }
            ],
            "timeouts": null
          },
          "sensitive_attributes": [],
          "private": "eyJlMmJmYjczMC1lY2FhLTExZTYtOGY4OC0zNDM2M2JjN2M0YzAiOnsiY3JlYXRlIjozMDAwMDAwMDAwMDAsImRlbGV0ZSI6MzAwMDAwMDAwMDAwfSwic2NoZW1hX3ZlcnNpb24iOiIxIn0="
        }
      ]
    },
    {
      "mode": "managed",
      "type": "kubernetes_service",
      "name": "service_api",
      "provider": "provider[\"registry.terraform.io/hashicorp/kubernetes\"]",
      "instances": [
        {
          "schema_version": 1,
          "attributes": {
            "id": "default/eqworks-api",
            "metadata": [
              {
                "annotations": null,
                "generate_name": "",
                "generation": 0,
                "labels": null,
                "name": "eqworks-api",
                "namespace": "default",
                "resource_version": "240790",
                "uid": "c650d83b-32ab-41e5-b20c-652b19042c68"
              }
            ],
            "spec": [
              {
                "cluster_ip": "10.101.235.19",
                "external_ips": null,
                "external_name": "",
                "external_traffic_policy": "Cluster",
                "health_check_node_port": 0,
                "load_balancer_ip": "",
                "load_balancer_source_ranges": null,
                "port": [
                  {
                    "name": "",
                    "node_port": 30007,
                    "port": 5000,
                    "protocol": "TCP",
                    "target_port": "5000"
                  }
                ],
                "publish_not_ready_addresses": false,
                "selector": {
                  "app": "api"
                },
                "session_affinity": "None",
                "type": "NodePort"
              }
            ],
            "status": [
              {
                "load_balancer": [
                  {
                    "ingress": []
                  }
                ]
              }
            ],
            "timeouts": null,
            "wait_for_load_balancer": true
          },
          "sensitive_attributes": [],
          "private": "eyJlMmJmYjczMC1lY2FhLTExZTYtOGY4OC0zNDM2M2JjN2M0YzAiOnsiY3JlYXRlIjo2MDAwMDAwMDAwMDB9LCJzY2hlbWFfdmVyc2lvbiI6IjEifQ=="
        }
      ]
    },
    {
      "mode": "managed",
      "type": "kubernetes_service",
      "name": "service_db",
      "provider": "provider[\"registry.terraform.io/hashicorp/kubernetes\"]",
      "instances": [
        {
          "schema_version": 1,
          "attributes": {
            "id": "default/eqworks-db",
            "metadata": [
              {
                "annotations": null,
                "generate_name": "",
                "generation": 0,
                "labels": null,
                "name": "eqworks-db",
                "namespace": "default",
                "resource_version": "240789",
                "uid": "c58fc34e-cf63-4be2-8176-4b1b17aa1895"
              }
            ],
            "spec": [
              {
                "cluster_ip": "10.96.37.45",
                "external_ips": null,
                "external_name": "",
                "external_traffic_policy": "",
                "health_check_node_port": 0,
                "load_balancer_ip": "",
                "load_balancer_source_ranges": null,
                "port": [
                  {
                    "name": "",
                    "node_port": 0,
                    "port": 5432,
                    "protocol": "TCP",
                    "target_port": "5432"
                  }
                ],
                "publish_not_ready_addresses": false,
                "selector": {
                  "app": "db"
                },
                "session_affinity": "None",
                "type": "ClusterIP"
              }
            ],
            "status": [
              {
                "load_balancer": [
                  {
                    "ingress": []
                  }
                ]
              }
            ],
            "timeouts": null,
            "wait_for_load_balancer": true
          },
          "sensitive_attributes": [],
          "private": "eyJlMmJmYjczMC1lY2FhLTExZTYtOGY4OC0zNDM2M2JjN2M0YzAiOnsiY3JlYXRlIjo2MDAwMDAwMDAwMDB9LCJzY2hlbWFfdmVyc2lvbiI6IjEifQ=="
        }
      ]
    }
  ]
}
